
Microsoft Visual Studio Solution File, Format Version 12.00
# Visual Studio 15
Project("{FAE04EC0-301F-11D3-BF4B-00C04F79EFBC}") = "scraper-cli", "scraper-cli\scraper-cli.csproj", "{755D22CE-52D9-4FEA-9074-642E3D16DE57}"
EndProject
Project("{FAE04EC0-301F-11D3-BF4B-00C04F79EFBC}") = "scraper-cliTests", "scraper-cliTests\scraper-cliTests.csproj", "{89CB559D-65FC-4F4E-9120-11ECAD7E0A71}"
EndProject
Project("{FAE04EC0-301F-11D3-BF4B-00C04F79EFBC}") = "web-scraper-backend", "web-scraper-backend\web-scraper-backend.csproj", "{532D3837-592F-4F68-8518-CDA34BA1FF8B}"
EndProject
Project("{FAE04EC0-301F-11D3-BF4B-00C04F79EFBC}") = "web-scraper-vue-tests", "web-scraper-vue-tests\web-scraper-vue-tests.csproj", "{7BCE3B5A-1F2E-48E8-B0D8-C068DBB87E86}"
EndProject
Global
	GlobalSection(SolutionConfigurationPlatforms) = preSolution
		Debug|Any CPU = Debug|Any CPU
		Release|Any CPU = Release|Any CPU
	EndGlobalSection
	GlobalSection(ProjectConfigurationPlatforms) = postSolution
		{755D22CE-52D9-4FEA-9074-642E3D16DE57}.Debug|Any CPU.ActiveCfg = Debug|Any CPU
		{755D22CE-52D9-4FEA-9074-642E3D16DE57}.Debug|Any CPU.Build.0 = Debug|Any CPU
		{755D22CE-52D9-4FEA-9074-642E3D16DE57}.Release|Any CPU.ActiveCfg = Release|Any CPU
		{755D22CE-52D9-4FEA-9074-642E3D16DE57}.Release|Any CPU.Build.0 = Release|Any CPU
		{89CB559D-65FC-4F4E-9120-11ECAD7E0A71}.Debug|Any CPU.ActiveCfg = Debug|Any CPU
		{89CB559D-65FC-4F4E-9120-11ECAD7E0A71}.Debug|Any CPU.Build.0 = Debug|Any CPU
		{89CB559D-65FC-4F4E-9120-11ECAD7E0A71}.Release|Any CPU.ActiveCfg = Release|Any CPU
		{89CB559D-65FC-4F4E-9120-11ECAD7E0A71}.Release|Any CPU.Build.0 = Release|Any CPU
		{532D3837-592F-4F68-8518-CDA34BA1FF8B}.Debug|Any CPU.ActiveCfg = Debug|Any CPU
		{532D3837-592F-4F68-8518-CDA34BA1FF8B}.Debug|Any CPU.Build.0 = Debug|Any CPU
		{532D3837-592F-4F68-8518-CDA34BA1FF8B}.Release|Any CPU.ActiveCfg = Release|Any CPU
		{532D3837-592F-4F68-8518-CDA34BA1FF8B}.Release|Any CPU.Build.0 = Release|Any CPU
		{7BCE3B5A-1F2E-48E8-B0D8-C068DBB87E86}.Debug|Any CPU.ActiveCfg = Debug|Any CPU
		{7BCE3B5A-1F2E-48E8-B0D8-C068DBB87E86}.Debug|Any CPU.Build.0 = Debug|Any CPU
		{7BCE3B5A-1F2E-48E8-B0D8-C068DBB87E86}.Release|Any CPU.ActiveCfg = Release|Any CPU
		{7BCE3B5A-1F2E-48E8-B0D8-C068DBB87E86}.Release|Any CPU.Build.0 = Release|Any CPU
	EndGlobalSection
EndGlobal
